<Solution>
  <Folder Name="/Solution Items/">
    <File Path="compose.yaml" />
    <File Path="Dockerfile" />
    <File Path=".env.example" />
  </Folder>
  <Project Path="WebAppTemplate.Api/WebAppTemplate.Api.csproj" />
  <Project Path="WebAppTemplate.Frontend/WebAppTemplate.Frontend.csproj" />
  <Project Path="WebAppTemplate.Shared/WebAppTemplate.Shared.csproj" />
</Solution>
